// !$*UTF8*$!
{
	archiveVersion = 1;
	classes = {
	};
	objectVersion = 46;
	objects = {

/* Begin PBXBuildFile section */
		FAFD2CCC1E2F161900B7DFE0 /* SettingsViewController.swift in Sources */ = {isa = PBXBuildFile; fileRef = FAFD2CCA1E2F161900B7DFE0 /* SettingsViewController.swift */; };
		FAFF117E1E2EAA7300E2698B /* AppDelegate.swift in Sources */ = {isa = PBXBuildFile; fileRef = FAFF117D1E2EAA7300E2698B /* AppDelegate.swift */; };
		FAFF11801E2EAA7300E2698B /* ViewController.swift in Sources */ = {isa = PBXBuildFile; fileRef = FAFF117F1E2EAA7300E2698B /* ViewController.swift */; };
		FAFF11831E2EAA7300E2698B /* Main.storyboard in Resources */ = {isa = PBXBuildFile; fileRef = FAFF11811E2EAA7300E2698B /* Main.storyboard */; };
		FAFF11851E2EAA7300E2698B /* Assets.xcassets in Resources */ = {isa = PBXBuildFile; fileRef = FAFF11841E2EAA7300E2698B /* Assets.xcassets */; };
		FAFF11881E2EAA7300E2698B /* LaunchScreen.storyboard in Resources */ = {isa = PBXBuildFile; fileRef = FAFF11861E2EAA7300E2698B /* LaunchScreen.storyboard */; };
/* End PBXBuildFile section */

/* Begin PBXFileReference section */
		FAFD2CCA1E2F161900B7DFE0 /* SettingsViewController.swift */ = {isa = PBXFileReference; fileEncoding = 4; lastKnownFileType = sourcecode.swift; path = SettingsViewController.swift; sourceTree = "<group>"; };
		FAFF117A1E2EAA7300E2698B /* Tipper.app */ = {isa = PBXFileReference; explicitFileType = wrapper.application; includeInIndex = 0; path = Tipper.app; sourceTree = BUILT_PRODUCTS_DIR; };
		FAFF117D1E2EAA7300E2698B /* AppDelegate.swift */ = {isa = PBXFileReference; lastKnownFileType = sourcecode.swift; path = AppDelegate.swift; sourceTree = "<group>"; };
		FAFF117F1E2EAA7300E2698B /* ViewController.swift */ = {isa = PBXFileReference; lastKnownFileType = sourcecode.swift; path = ViewController.swift; sourceTree = "<group>"; };
		FAFF11821E2EAA7300E2698B /* Base */ = {isa = PBXFileReference; lastKnownFileType = file.storyboard; name = Base; path = Base.lproj/Main.storyboard; sourceTree = "<group>"; };
		FAFF11841E2EAA7300E2698B /* Assets.xcassets */ = {isa = PBXFileReference; lastKnownFileType = folder.assetcatalog; path = Assets.xcassets; sourceTree = "<group>"; };
		FAFF11871E2EAA7300E2698B /* Base */ = {isa = PBXFileReference; lastKnownFileType = file.storyboard; name = Base; path = Base.lproj/LaunchScreen.storyboard; sourceTree = "<group>"; };
		FAFF11891E2EAA7300E2698B /* Info.plist */ = {isa = PBXFileReference; lastKnownFileType = text.plist.xml; path = Info.plist; sourceTree = "<group>"; };
/* End PBXFileReference section */

/* Begin PBXFrameworksBuildPhase section */
		FAFF11771E2EAA7300E2698B /* Frameworks */ = {
			isa = PBXFrameworksBuildPhase;
			buildActionMask = 2147483647;
			files = (
			);
			runOnlyForDeploymentPostprocessing = 0;
		};
/* End PBXFrameworksBuildPhase section */

/* Begin PBXGroup section */
		FAFF11711E2EAA7300E2698B = {
			isa = PBXGroup;
			children = (
				FAFF117C1E2EAA7300E2698B /* Tipper */,
				FAFF117B1E2EAA7300E2698B /* Products */,
			);
			sourceTree = "<group>";
		};
		FAFF117B1E2EAA7300E2698B /* Products */ = {
			isa = PBXGroup;
			children = (
				FAFF117A1E2EAA7300E2698B /* Tipper.app */,
			);
			name = Products;
			sourceTree = "<group>";
		};
		FAFF117C1E2EAA7300E2698B /* Tipper */ = {
			isa = PBXGroup;
			children = (
				FAFF117D1E2EAA7300E2698B /* AppDelegate.swift */,
				FAFF117F1E2EAA7300E2698B /* ViewController.swift */,
				FAFF11811E2EAA7300E2698B /* Main.storyboard */,
				FAFD2CCA1E2F161900B7DFE0 /* SettingsViewController.swift */,
				FAFF11841E2EAA7300E2698B /* Assets.xcassets */,
				FAFF11861E2EAA7300E2698B /* LaunchScreen.storyboard */,
				FAFF11891E2EAA7300E2698B /* Info.plist */,
			);
			path = Tipper;
			sourceTree = "<group>";
		};
/* End PBXGroup section */

/* Begin PBXNativeTarget section */
		FAFF11791E2EAA7300E2698B /* Tipper */ = {
			isa = PBXNativeTarget;
			buildConfigurationList = FAFF118C1E2EAA7300E2698B /* Build configuration list for PBXNativeTarget "Tipper" */;
			buildPhases = (
				FAFF11761E2EAA7300E2698B /* Sources */,
				FAFF11771E2EAA7300E2698B /* Frameworks */,
				FAFF11781E2EAA7300E2698B /* Resources */,
			);
			buildRules = (
			);
			dependencies = (
			);
			name = Tipper;
			productName = Tipper;
			productReference = FAFF117A1E2EAA7300E2698B /* Tipper.app */;
			productType = "com.apple.product-type.application";
		};
/* End PBXNativeTarget section */

/* Begin PBXProject section */
		FAFF11721E2EAA7300E2698B /* Project object */ = {
			isa = PBXProject;
			attributes = {
				LastSwiftUpdateCheck = 0810;
				LastUpgradeCheck = 0810;
				ORGANIZATIONNAME = Akshay;
				TargetAttributes = {
					FAFF11791E2EAA7300E2698B = {
						CreatedOnToolsVersion = 8.1;
						DevelopmentTeam = 853W5MBWV6;
						ProvisioningStyle = Automatic;
					};
				};
			};
			buildConfigurationList = FAFF11751E2EAA7300E2698B /* Build configuration list for PBXProject "Tipper" */;
			compatibilityVersion = "Xcode 3.2";
			developmentRegion = English;
			hasScannedForEncodings = 0;
			knownRegions = (
				en,
				Base,
			);
			mainGroup = FAFF11711E2EAA7300E2698B;
			productRefGroup = FAFF117B1E2EAA7300E2698B /* Products */;
			projectDirPath = "";
			projectRoot = "";
			targets = (
				FAFF11791E2EAA7300E2698B /* Tipper */,
			);
		};
/* End PBXProject section */

/* Begin PBXResourcesBuildPhase section */
		FAFF11781E2EAA7300E2698B /* Resources */ = {
			isa = PBXResourcesBuildPhase;
			buildActionMask = 2147483647;
			files = (
				FAFF11881E2EAA7300E2698B /* LaunchScreen.storyboard in Resources */,
				FAFF11851E2EAA7300E2698B /* Assets.xcassets in Resources */,
				FAFF11831E2EAA7300E2698B /* Main.storyboard in Resources */,
			);
			runOnlyForDeploymentPostprocessing = 0;
		};
/* End PBXResourcesBuildPhase section */

/* Begin PBXSourcesBuildPhase section */
		FAFF11761E2EAA7300E2698B /* Sources */ = {
			isa = PBXSourcesBuildPhase;
			buildActionMask = 2147483647;
			files = (
				FAFF11801E2EAA7300E2698B /* ViewController.swift in Sources */,
				FAFF117E1E2EAA7300E2698B /* AppDelegate.swift in Sources */,
				FAFD2CCC1E2F161900B7DFE0 /* SettingsViewController.swift in Sources */,
			);
			runOnlyForDeploymentPostprocessing = 0;
		};
/* End PBXSourcesBuildPhase section */

/* Begin PBXVariantGroup section */
		FAFF11811E2EAA7300E2698B /* Main.storyboard */ = {
			isa = PBXVariantGroup;
			children = (
				FAFF11821E2EAA7300E2698B /* Base */,
			);
			name = Main.storyboard;
			sourceTree = "<group>";
		};
		FAFF11861E2EAA7300E2698B /* LaunchScreen.storyboard */ = {
			isa = PBXVariantGroup;
			children = (
				FAFF11871E2EAA7300E2698B /* Base */,
			);
			name = LaunchScreen.storyboard;
			sourceTree = "<group>";
		};
/* End PBXVariantGroup section */

/* Begin XCBuildConfiguration section */
		FAFF118A1E2EAA7300E2698B /* Debug */ = {
			isa = XCBuildConfiguration;
			buildSettings = {
				ALWAYS_SEARCH_USER_PATHS = NO;
				CLANG_ANALYZER_NONNULL = YES;
				CLANG_CXX_LANGUAGE_STANDARD = "gnu++0x";
				CLANG_CXX_LIBRARY = "libc++";
				CLANG_ENABLE_MODULES = YES;
				CLANG_ENABLE_OBJC_ARC = YES;
				CLANG_WARN_BOOL_CONVERSION = YES;
				CLANG_WARN_CONSTANT_CONVERSION = YES;
				CLANG_WARN_DIRECT_OBJC_ISA_USAGE = YES_ERROR;
				CLANG_WARN_DOCUMENTATION_COMMENTS = YES;
				CLANG_WARN_EMPTY_BODY = YES;
				CLANG_WARN_ENUM_CONVERSION = YES;
				CLANG_WARN_INFINITE_RECURSION = YES;
				CLANG_WARN_INT_CONVERSION = YES;
				CLANG_WARN_OBJC_ROOT_CLASS = YES_ERROR;
				CLANG_WARN_SUSPICIOUS_MOVES = YES;
				CLANG_WARN_UNREACHABLE_CODE = YES;
				CLANG_WARN__DUPLICATE_METHOD_MATCH = YES;
				"CODE_SIGN_IDENTITY[sdk=iphoneos*]" = "iPhone Developer";
				COPY_PHASE_STRIP = NO;
				DEBUG_INFORMATION_FORMAT = dwarf;
				ENABLE_STRICT_OBJC_MSGSEND = YES;
				ENABLE_TESTABILITY = YES;
				GCC_C_LANGUAGE_STANDARD = gnu99;
				GCC_DYNAMIC_NO_PIC = NO;
				GCC_NO_COMMON_BLOCKS = YES;
				GCC_OPTIMIZATION_LEVEL = 0;
				GCC_PREPROCESSOR_DEFINITIONS = (
					"DEBUG=1",
					"$(inherited)",
				);
				GCC_WARN_64_TO_32_BIT_CONVERSION = YES;
				GCC_WARN_ABOUT_RETURN_TYPE = YES_ERROR;
				GCC_WARN_UNDECLARED_SELECTOR = YES;
				GCC_WARN_UNINITIALIZED_AUTOS = YES_AGGRESSIVE;
				GCC_WARN_UNUSED_FUNCTION = YES;
				GCC_WARN_UNUSED_VARIABLE = YES;
				IPHONEOS_DEPLOYMENT_TARGET = 10.1;
				MTL_ENABLE_DEBUG_INFO = YES;
				ONLY_ACTIVE_ARCH = YES;
				SDKROOT = iphoneos;
				SWIFT_ACTIVE_COMPILATION_CONDITIONS = DEBUG;
				SWIFT_OPTIMIZATION_LEVEL = "-Onone";
			};
			name = Debug;
		};
		FAFF118B1E2EAA7300E2698B /* Release */ = {
			isa = XCBuildConfiguration;
			buildSettings = {
				ALWAYS_SEARCH_USER_PATHS = NO;
				CLANG_ANALYZER_NONNULL = YES;
				CLANG_CXX_LANGUAGE_STANDARD = "gnu++0x";
				CLANG_CXX_LIBRARY = "libc++";
				CLANG_ENABLE_MODULES = YES;
				CLANG_ENABLE_OBJC_ARC = YES;
				CLANG_WARN_BOOL_CONVERSION = YES;
				CLANG_WARN_CONSTANT_CONVERSION = YES;
				CLANG_WARN_DIRECT_OBJC_ISA_USAGE = YES_ERROR;
				CLANG_WARN_DOCUMENTATION_COMMENTS = YES;
				CLANG_WARN_EMPTY_BODY = YES;
				CLANG_WARN_ENUM_CONVERSION = YES;
				CLANG_WARN_INFINITE_RECURSION = YES;
				CLANG_WARN_INT_CONVERSION = YES;
				CLANG_WARN_OBJC_ROOT_CLASS = YES_ERROR;
				CLANG_WARN_SUSPICIOUS_MOVES = YES;
				CLANG_WARN_UNREACHABLE_CODE = YES;
				CLANG_WARN__DUPLICATE_METHOD_MATCH = YES;
				"CODE_SIGN_IDENTITY[sdk=iphoneos*]" = "iPhone Developer";
				COPY_PHASE_STRIP = NO;
				DEBUG_INFORMATION_FORMAT = "dwarf-with-dsym";
				ENABLE_NS_ASSERTIONS = NO;
				ENABLE_STRICT_OBJC_MSGSEND = YES;
				GCC_C_LANGUAGE_STANDARD = gnu99;
				GCC_NO_COMMON_BLOCKS = YES;
				GCC_WARN_64_TO_32_BIT_CONVERSION = YES;
				GCC_WARN_ABOUT_RETURN_TYPE = YES_ERROR;
				GCC_WARN_UNDECLARED_SELECTOR = YES;
				GCC_WARN_UNINITIALIZED_AUTOS = YES_AGGRESSIVE;
				GCC_WARN_UNUSED_FUNCTION = YES;
				GCC_WARN_UNUSED_VARIABLE = YES;
				IPHONEOS_DEPLOYMENT_TARGET = 10.1;
				MTL_ENABLE_DEBUG_INFO = NO;
				SDKROOT = iphoneos;
				SWIFT_OPTIMIZATION_LEVEL = "-Owholemodule";
				VALIDATE_PRODUCT = YES;
			};
			name = Release;
		};
		FAFF118D1E2EAA7300E2698B /* Debug */ = {
			isa = XCBuildConfiguration;
			buildSettings = {
				ASSETCATALOG_COMPILER_APPICON_NAME = AppIcon;
				DEVELOPMENT_TEAM = 853W5MBWV6;
				INFOPLIST_FILE = Tipper/Info.plist;
				LD_RUNPATH_SEARCH_PATHS = "$(inherited) @executable_path/Frameworks";
				PRODUCT_BUNDLE_IDENTIFIER = com.abhandary.Tipper;
				PRODUCT_NAME = "$(TARGET_NAME)";
				SWIFT_VERSION = 3.0;
			};
			name = Debug;
		};
		FAFF118E1E2EAA7300E2698B /* Release */ = {
			isa = XCBuildConfiguration;
			buildSettings = {
				ASSETCATALOG_COMPILER_APPICON_NAME = AppIcon;
				DEVELOPMENT_TEAM = 853W5MBWV6;
				INFOPLIST_FILE = Tipper/Info.plist;
				LD_RUNPATH_SEARCH_PATHS = "$(inherited) @executable_path/Frameworks";
				PRODUCT_BUNDLE_IDENTIFIER = com.abhandary.Tipper;
				PRODUCT_NAME = "$(TARGET_NAME)";
				SWIFT_VERSION = 3.0;
			};
			name = Release;
		};
/* End XCBuildConfiguration section */

/* Begin XCConfigurationList section */
		FAFF11751E2EAA7300E2698B /* Build configuration list for PBXProject "Tipper" */ = {
			isa = XCConfigurationList;
			buildConfigurations = (
				FAFF118A1E2EAA7300E2698B /* Debug */,
				FAFF118B1E2EAA7300E2698B /* Release */,
			);
			defaultConfigurationIsVisible = 0;
			defaultConfigurationName = Release;
		};
		FAFF118C1E2EAA7300E2698B /* Build configuration list for PBXNativeTarget "Tipper" */ = {
			isa = XCConfigurationList;
			buildConfigurations = (
				FAFF118D1E2EAA7300E2698B /* Debug */,
				FAFF118E1E2EAA7300E2698B /* Release */,
			);
			defaultConfigurationIsVisible = 0;
			defaultConfigurationName = Release;
		};
/* End XCConfigurationList section */
	};
	rootObject = FAFF11721E2EAA7300E2698B /* Project object */;
}
